
Microsoft Visual Studio Solution File, Format Version 12.00
# Visual Studio 15
VisualStudioVersion = 15.0.27130.2010
MinimumVisualStudioVersion = 10.0.40219.1
Project("{FAE04EC0-301F-11D3-BF4B-00C04F79EFBC}") = "VirtoCommerce.ImageToolsModule.Web", "VirtoCommerce.ImageToolsModule.Web\VirtoCommerce.ImageToolsModule.Web.csproj", "{78867A67-9838-4A96-B3BC-3E89AB19CCD5}"
EndProject
Project("{FAE04EC0-301F-11D3-BF4B-00C04F79EFBC}") = "VirtoCommerce.ImageToolsModule.Data", "VirtoCommerce.ImageToolsModule.Data\VirtoCommerce.ImageToolsModule.Data.csproj", "{57F492CE-DF19-4117-BACF-70DD51052216}"
EndProject
Project("{FAE04EC0-301F-11D3-BF4B-00C04F79EFBC}") = "VirtoCommerce.ImageToolsModule.Test", "VirtoCommerce.ImageToolsModule.Test\VirtoCommerce.ImageToolsModule.Test.csproj", "{A6EAAEEE-51FF-426C-8320-6E9F6EE1BA16}"
EndProject
Project("{FAE04EC0-301F-11D3-BF4B-00C04F79EFBC}") = "VirtoCommerce.ImageToolsModule.Core", "VirtoCommerce.ImageToolsModule.Core\VirtoCommerce.ImageToolsModule.Core.csproj", "{74326EE1-6B14-4B21-9AFB-D243BF13DAF6}"
EndProject
Global
	GlobalSection(SolutionConfigurationPlatforms) = preSolution
		Debug|Any CPU = Debug|Any CPU
		Release|Any CPU = Release|Any CPU
	EndGlobalSection
	GlobalSection(ProjectConfigurationPlatforms) = postSolution
		{78867A67-9838-4A96-B3BC-3E89AB19CCD5}.Debug|Any CPU.ActiveCfg = Debug|Any CPU
		{78867A67-9838-4A96-B3BC-3E89AB19CCD5}.Debug|Any CPU.Build.0 = Debug|Any CPU
		{78867A67-9838-4A96-B3BC-3E89AB19CCD5}.Release|Any CPU.ActiveCfg = Release|Any CPU
		{78867A67-9838-4A96-B3BC-3E89AB19CCD5}.Release|Any CPU.Build.0 = Release|Any CPU
		{57F492CE-DF19-4117-BACF-70DD51052216}.Debug|Any CPU.ActiveCfg = Debug|Any CPU
		{57F492CE-DF19-4117-BACF-70DD51052216}.Debug|Any CPU.Build.0 = Debug|Any CPU
		{57F492CE-DF19-4117-BACF-70DD51052216}.Release|Any CPU.ActiveCfg = Release|Any CPU
		{57F492CE-DF19-4117-BACF-70DD51052216}.Release|Any CPU.Build.0 = Release|Any CPU
		{A6EAAEEE-51FF-426C-8320-6E9F6EE1BA16}.Debug|Any CPU.ActiveCfg = Debug|Any CPU
		{A6EAAEEE-51FF-426C-8320-6E9F6EE1BA16}.Debug|Any CPU.Build.0 = Debug|Any CPU
		{A6EAAEEE-51FF-426C-8320-6E9F6EE1BA16}.Release|Any CPU.ActiveCfg = Release|Any CPU
		{A6EAAEEE-51FF-426C-8320-6E9F6EE1BA16}.Release|Any CPU.Build.0 = Release|Any CPU
		{74326EE1-6B14-4B21-9AFB-D243BF13DAF6}.Debug|Any CPU.ActiveCfg = Debug|Any CPU
		{74326EE1-6B14-4B21-9AFB-D243BF13DAF6}.Debug|Any CPU.Build.0 = Debug|Any CPU
		{74326EE1-6B14-4B21-9AFB-D243BF13DAF6}.Release|Any CPU.ActiveCfg = Release|Any CPU
		{74326EE1-6B14-4B21-9AFB-D243BF13DAF6}.Release|Any CPU.Build.0 = Release|Any CPU
	EndGlobalSection
	GlobalSection(SolutionProperties) = preSolution
		HideSolutionNode = FALSE
	EndGlobalSection
	GlobalSection(ExtensibilityGlobals) = postSolution
		SolutionGuid = {EE2EC15D-43DC-431B-93F4-129E6606661A}
	EndGlobalSection
EndGlobal
